
Microsoft Visual Studio Solution File, Format Version 12.00
# Visual Studio Version 16
VisualStudioVersion = 16.0.30711.63
MinimumVisualStudioVersion = 10.0.40219.1
Project("{9A19103F-16F7-4668-BE54-9A1E7A4F7556}") = "blazorPostsList", "blazorPostsList.csproj", "{3D7B326D-5EDA-4D4E-902C-164891E12BAC}"
EndProject
Global
	GlobalSection(SolutionConfigurationPlatforms) = preSolution
		Debug|Any CPU = Debug|Any CPU
		Release|Any CPU = Release|Any CPU
	EndGlobalSection
	GlobalSection(ProjectConfigurationPlatforms) = postSolution
		{3D7B326D-5EDA-4D4E-902C-164891E12BAC}.Debug|Any CPU.ActiveCfg = Debug|Any CPU
		{3D7B326D-5EDA-4D4E-902C-164891E12BAC}.Debug|Any CPU.Build.0 = Debug|Any CPU
		{3D7B326D-5EDA-4D4E-902C-164891E12BAC}.Release|Any CPU.ActiveCfg = Release|Any CPU
		{3D7B326D-5EDA-4D4E-902C-164891E12BAC}.Release|Any CPU.Build.0 = Release|Any CPU
	EndGlobalSection
	GlobalSection(SolutionProperties) = preSolution
		HideSolutionNode = FALSE
	EndGlobalSection
	GlobalSection(ExtensibilityGlobals) = postSolution
		SolutionGuid = {530F40E3-45C1-4FE9-909B-9C7C9DBD8BC4}
	EndGlobalSection
EndGlobal
